{
  "nodes": {
    "door-keeper": {
      "flake": false,
      "locked": {
        "lastModified": 1781626054,
        "narHash": "sha256-/q1LscbYQjFM9OsjZFzSGfCfF36qYnG55RKgYkxKZhI=",
        "owner": "bounded-systems",
        "repo": "door-keeper",
        "rev": "3ee805085447816a48313e28453ba0af24da7d49",
        "type": "github"
      },
      "original": {
        "owner": "bounded-systems",
        "repo": "door-keeper",
        "rev": "3ee805085447816a48313e28453ba0af24da7d49",
        "type": "github"
      }
    },
    "door-kit": {
      "flake": false,
      "locked": {
        "lastModified": 1781623552,
        "narHash": "sha256-zFHSjSmXDs7UGdIN9oC3g2q8N9tSNUJr5zscY9jMAl0=",
        "owner": "bounded-systems",
        "repo": "door-kit",
        "rev": "a3ae40e5075e3dbded3db9a0d345f842984a646b",
        "type": "github"
      },
      "original": {
        "owner": "bounded-systems",
        "repo": "door-kit",
        "rev": "a3ae40e5075e3dbded3db9a0d345f842984a646b",
        "type": "github"
      }
    },
    "door-net": {
      "flake": false,
      "locked": {
        "lastModified": 1781627051,
        "narHash": "sha256-L6svnhSuHBZvpqcW+QWM9Ey9W5kY9U87NYycohiLQoI=",
        "owner": "bounded-systems",
        "repo": "door-net",
        "rev": "e4b5f47ef86392b1c4b3561ee05b9f43d9a44ef0",
        "type": "github"
      },
      "original": {
        "owner": "bounded-systems",
        "repo": "door-net",
        "rev": "e4b5f47ef86392b1c4b3561ee05b9f43d9a44ef0",
        "type": "github"
      }
    },
    "guest-room": {
      "flake": false,
      "locked": {
        "lastModified": 1781557771,
        "narHash": "sha256-2iXN95ClKEQGM+KPN9sEcMQ8zn/gZAMfAkGS5ri8Zao=",
        "owner": "bounded-systems",
        "repo": "guest-room",
        "rev": "5bc85b634a0a8d698243ba3b708f0420516308ec",
        "type": "github"
      },
      "original": {
        "owner": "bounded-systems",
        "repo": "guest-room",
        "rev": "5bc85b634a0a8d698243ba3b708f0420516308ec",
        "type": "github"
      }
    },
    "nixpkgs": {
      "locked": {
        "lastModified": 1781359544,
        "narHash": "sha256-iUuzKQcyXvopYDDzFpMK5eQKP3WIJExYny2kJtbgUcE=",
        "owner": "NixOS",
        "repo": "nixpkgs",
        "rev": "9f11f828c213641c2369a9f1fa31fe31557e3156",
        "type": "github"
      },
      "original": {
        "owner": "NixOS",
        "repo": "nixpkgs",
        "rev": "9f11f828c213641c2369a9f1fa31fe31557e3156",
        "type": "github"
      }
    },
    "ocap-provenance": {
      "flake": false,
      "locked": {
        "lastModified": 1781624331,
        "narHash": "sha256-4rjHKU9rFhTqaaSoXF4hWA6ZzibiIcmvNyrZ/7eeP3o=",
        "owner": "bounded-systems",
        "repo": "ocap-provenance",
        "rev": "28c7a8530e05edc446abf62cd2e04ab73f4f626f",
        "type": "github"
      },
      "original": {
        "owner": "bounded-systems",
        "repo": "ocap-provenance",
        "rev": "28c7a8530e05edc446abf62cd2e04ab73f4f626f",
        "type": "github"
      }
    },
    "root": {
      "inputs": {
        "door-keeper": "door-keeper",
        "door-kit": "door-kit",
        "door-net": "door-net",
        "guest-room": "guest-room",
        "nixpkgs": "nixpkgs",
        "ocap-provenance": "ocap-provenance"
      }
    }
  },
  "root": "root",
  "version": 7
}
