{
  "nodes": {
    "door-concierge": {
      "flake": false,
      "locked": {
        "lastModified": 1782604058,
        "narHash": "sha256-dUJCuW7kAcJhUy1RuPkTTItNEOxQRe8gUo7uuKoAzI0=",
        "rev": "8760187c18f195c4d7e6719c79aaa40c6940ded2",
        "revCount": 13,
        "type": "tarball",
        "url": "https://api.flakehub.com/f/pinned/bounded-systems/door-concierge/0.1.13%2Brev-8760187c18f195c4d7e6719c79aaa40c6940ded2/019f0b7b-ecc9-73e0-84b7-2548b9247b68/source.tar.gz"
      },
      "original": {
        "type": "tarball",
        "url": "https://flakehub.com/f/bounded-systems/door-concierge/%2A.tar.gz"
      }
    },
    "door-keeper": {
      "flake": false,
      "locked": {
        "lastModified": 1783263267,
        "narHash": "sha256-FVmSdzaWh7ZryVPxeWl5NYC5JuAMJwr4qR3lBRupDjM=",
        "rev": "de5a0741d62d715e2d7093939289755a807101d2",
        "revCount": 27,
        "type": "tarball",
        "url": "https://api.flakehub.com/f/pinned/bounded-systems/door-keeper/0.1.27%2Brev-de5a0741d62d715e2d7093939289755a807101d2/019f32c6-b309-7c00-b654-e62f5c6efe49/source.tar.gz"
      },
      "original": {
        "type": "tarball",
        "url": "https://flakehub.com/f/bounded-systems/door-keeper/%2A.tar.gz"
      }
    },
    "door-kit": {
      "flake": false,
      "locked": {
        "lastModified": 1783274909,
        "narHash": "sha256-ckVWF68G6ZAA7dXZx/BRRZtwzfK8oA05B5ICcfJWZ8M=",
        "owner": "bounded-systems",
        "repo": "door-kit",
        "rev": "40f27edae0a89337cd61db364fb0bb00f8ce014a",
        "type": "github"
      },
      "original": {
        "owner": "bounded-systems",
        "repo": "door-kit",
        "rev": "40f27edae0a89337cd61db364fb0bb00f8ce014a",
        "type": "github"
      }
    },
    "door-net": {
      "flake": false,
      "locked": {
        "lastModified": 1782685702,
        "narHash": "sha256-BjvuWIuA/UfGgSU0N1TLGsSJNc0Pi+gk1m608fFCHXo=",
        "rev": "5a48a59e96344703305c43f620d025f343c9d347",
        "revCount": 14,
        "type": "tarball",
        "url": "https://api.flakehub.com/f/pinned/bounded-systems/door-net/0.1.14%2Brev-5a48a59e96344703305c43f620d025f343c9d347/019f1059-b69a-7743-bf41-fbf53f1918cd/source.tar.gz"
      },
      "original": {
        "type": "tarball",
        "url": "https://flakehub.com/f/bounded-systems/door-net/%2A.tar.gz"
      }
    },
    "door-peercred": {
      "flake": false,
      "locked": {
        "lastModified": 1781637842,
        "narHash": "sha256-9C6cLQSeriSEYS38nyBzyIYtwDX1CLmXPX7KJH3DMgk=",
        "rev": "1a0b2c4610525541d96c36b06c91e51eeeb52204",
        "revCount": 3,
        "type": "tarball",
        "url": "https://api.flakehub.com/f/pinned/bounded-systems/door-peercred/0.1.3%2Brev-1a0b2c4610525541d96c36b06c91e51eeeb52204/019ed1e4-a670-7142-bf2d-e1a857f2005c/source.tar.gz"
      },
      "original": {
        "type": "tarball",
        "url": "https://flakehub.com/f/bounded-systems/door-peercred/%2A.tar.gz"
      }
    },
    "door-scout": {
      "flake": false,
      "locked": {
        "lastModified": 1783224065,
        "narHash": "sha256-MUBXX8AwfTGvIek55MaS/qtc0BOASWXffSDSg/RWfKg=",
        "rev": "4592f4f16780dead7792472c4f9dfb2516043c71",
        "revCount": 17,
        "type": "tarball",
        "url": "https://api.flakehub.com/f/pinned/bounded-systems/door-scout/0.1.17%2Brev-4592f4f16780dead7792472c4f9dfb2516043c71/019f3070-771f-7753-83fe-b3166b56e4a3/source.tar.gz"
      },
      "original": {
        "type": "tarball",
        "url": "https://flakehub.com/f/bounded-systems/door-scout/%2A.tar.gz"
      }
    },
    "flake-utils": {
      "inputs": {
        "systems": "systems"
      },
      "locked": {
        "lastModified": 1731533236,
        "narHash": "sha256-l0KFg5HjrsfsO/JpG+r7fRrqm12kzFHyUHqHCVpMMbI=",
        "owner": "numtide",
        "repo": "flake-utils",
        "rev": "11707dc2f618dd54ca8739b309ec4fc024de578b",
        "type": "github"
      },
      "original": {
        "owner": "numtide",
        "repo": "flake-utils",
        "type": "github"
      }
    },
    "git-ai-flake": {
      "inputs": {
        "flake-utils": "flake-utils",
        "nixpkgs": "nixpkgs"
      },
      "locked": {
        "lastModified": 1782489994,
        "narHash": "sha256-rBH7FUUxl3CduIQRuqeycyqNz3HKXznc7mWFIdyoSfY=",
        "owner": "bdelanghe",
        "repo": "git-ai-flake",
        "rev": "666cfafaf95ec6886c3100285da13a2cd9f9c959",
        "type": "github"
      },
      "original": {
        "owner": "bdelanghe",
        "repo": "git-ai-flake",
        "rev": "666cfafaf95ec6886c3100285da13a2cd9f9c959",
        "type": "github"
      }
    },
    "guest-room": {
      "flake": false,
      "locked": {
        "lastModified": 1783274363,
        "narHash": "sha256-gW7B0dT+dwTrYM25mgzv/bcqOcQ0C+nEd7H3ITRQbKc=",
        "owner": "bounded-systems",
        "repo": "guest-room",
        "rev": "e8cbeaa664ebe5a2ec90ad6ebf9f9c4cbe25895c",
        "type": "github"
      },
      "original": {
        "owner": "bounded-systems",
        "repo": "guest-room",
        "rev": "e8cbeaa664ebe5a2ec90ad6ebf9f9c4cbe25895c",
        "type": "github"
      }
    },
    "nixpkgs": {
      "locked": {
        "lastModified": 1782175435,
        "narHash": "sha256-EMzXKmnOtBQ2MnvpiNOm7E+kOMvdPrIKaeg52Tip2Uk=",
        "owner": "nixos",
        "repo": "nixpkgs",
        "rev": "89570f24e97e614aa34aa9ab1c927b6578a43775",
        "type": "github"
      },
      "original": {
        "owner": "nixos",
        "ref": "nixpkgs-unstable",
        "repo": "nixpkgs",
        "type": "github"
      }
    },
    "nixpkgs_2": {
      "locked": {
        "lastModified": 1783100750,
        "narHash": "sha256-o2zcfyh7Q4TJk2FRmmUYKBxqcgZk0gjoTG3Xe0Uf0tk=",
        "owner": "NixOS",
        "repo": "nixpkgs",
        "rev": "8e6f3bfd2648296235457900689e18c56b210375",
        "type": "github"
      },
      "original": {
        "owner": "NixOS",
        "repo": "nixpkgs",
        "rev": "8e6f3bfd2648296235457900689e18c56b210375",
        "type": "github"
      }
    },
    "ocap-provenance": {
      "flake": false,
      "locked": {
        "lastModified": 1781624331,
        "narHash": "sha256-4rjHKU9rFhTqaaSoXF4hWA6ZzibiIcmvNyrZ/7eeP3o=",
        "owner": "bounded-systems",
        "repo": "ocap-provenance",
        "rev": "28c7a8530e05edc446abf62cd2e04ab73f4f626f",
        "type": "github"
      },
      "original": {
        "owner": "bounded-systems",
        "repo": "ocap-provenance",
        "rev": "28c7a8530e05edc446abf62cd2e04ab73f4f626f",
        "type": "github"
      }
    },
    "root": {
      "inputs": {
        "door-concierge": "door-concierge",
        "door-keeper": "door-keeper",
        "door-kit": "door-kit",
        "door-net": "door-net",
        "door-peercred": "door-peercred",
        "door-scout": "door-scout",
        "git-ai-flake": "git-ai-flake",
        "guest-room": "guest-room",
        "nixpkgs": "nixpkgs_2",
        "ocap-provenance": "ocap-provenance"
      }
    },
    "systems": {
      "locked": {
        "lastModified": 1681028828,
        "narHash": "sha256-Vy1rq5AaRuLzOxct8nz4T6wlgyUR7zLU309k9mBC768=",
        "owner": "nix-systems",
        "repo": "default",
        "rev": "da67096a3b9bf56a91d16901293e51ba5b49a27e",
        "type": "github"
      },
      "original": {
        "owner": "nix-systems",
        "repo": "default",
        "type": "github"
      }
    }
  },
  "root": "root",
  "version": 7
}
