{
  "nodes": {
    "guest-room": {
      "flake": false,
      "locked": {
        "lastModified": 1781555379,
        "narHash": "sha256-H1Qc0pUX1qy832pe1OBUpzri46Tq9z3F4toQHSv9ROk=",
        "owner": "bounded-systems",
        "repo": "guest-room",
        "rev": "5d820d7f833c620896bada14e471c4d4c20be0d2",
        "type": "github"
      },
      "original": {
        "owner": "bounded-systems",
        "repo": "guest-room",
        "rev": "5d820d7f833c620896bada14e471c4d4c20be0d2",
        "type": "github"
      }
    },
    "nixpkgs": {
      "locked": {
        "lastModified": 1781359544,
        "narHash": "sha256-iUuzKQcyXvopYDDzFpMK5eQKP3WIJExYny2kJtbgUcE=",
        "owner": "NixOS",
        "repo": "nixpkgs",
        "rev": "9f11f828c213641c2369a9f1fa31fe31557e3156",
        "type": "github"
      },
      "original": {
        "owner": "NixOS",
        "repo": "nixpkgs",
        "rev": "9f11f828c213641c2369a9f1fa31fe31557e3156",
        "type": "github"
      }
    },
    "root": {
      "inputs": {
        "guest-room": "guest-room",
        "nixpkgs": "nixpkgs"
      }
    }
  },
  "root": "root",
  "version": 7
}
