{
  "lockfileVersion": 1,
  "configVersion": 1,
  "workspaces": {
    "": {
      "name": "doors-capnp-spike",
      "dependencies": {
        "capnp-es": "*",
      },
      "devDependencies": {
        "typescript": "^6.0.3",
      },
    },
  },
  "packages": {
    "capnp-es": ["capnp-es@0.0.14", "", { "peerDependencies": { "typescript": "^5.7.3" }, "optionalPeers": ["typescript"], "bin": { "capnp-es": "dist/compiler/capnpc-js.mjs", "capnpc-js": "dist/compiler/capnpc-js.mjs", "capnpc-dts": "dist/compiler/capnpc-dts.mjs", "capnpc-ts": "dist/compiler/capnpc-ts.mjs" } }, "sha512-8lWj4GJISiqRSlAJGkWpI4Azib7QY5UDIkqxeHcI7aAnXVk9SFuWxl1Fme+2HhzNANV0WTJqwUZvvXvloc3sBA=="],

    "typescript": ["typescript@6.0.3", "", { "bin": { "tsc": "bin/tsc", "tsserver": "bin/tsserver" } }, "sha512-y2TvuxSZPDyQakkFRPZHKFm+KKVqIisdg9/CZwm9ftvKXLP8NRWj38/ODjNbr43SsoXqNuAisEf1GdCxqWcdBw=="],
  }
}
